
Microsoft Visual Studio Solution File, Format Version 12.00
# Visual Studio Version 17
VisualStudioVersion = 17.2.32526.322
MinimumVisualStudioVersion = 10.0.40219.1
Project("{FAE04EC0-301F-11D3-BF4B-00C04F79EFBC}") = "PrismShell.Forms", "PrismShell.Forms\PrismShell.Forms.csproj", "{24FACCAC-A342-4D12-9777-D5EB64CE5AE0}"
EndProject
Global
	GlobalSection(SolutionConfigurationPlatforms) = preSolution
		Debug|Any CPU = Debug|Any CPU
		Release|Any CPU = Release|Any CPU
	EndGlobalSection
	GlobalSection(ProjectConfigurationPlatforms) = postSolution
		{24FACCAC-A342-4D12-9777-D5EB64CE5AE0}.Debug|Any CPU.ActiveCfg = Debug|Any CPU
		{24FACCAC-A342-4D12-9777-D5EB64CE5AE0}.Debug|Any CPU.Build.0 = Debug|Any CPU
		{24FACCAC-A342-4D12-9777-D5EB64CE5AE0}.Release|Any CPU.ActiveCfg = Release|Any CPU
		{24FACCAC-A342-4D12-9777-D5EB64CE5AE0}.Release|Any CPU.Build.0 = Release|Any CPU
	EndGlobalSection
	GlobalSection(SolutionProperties) = preSolution
		HideSolutionNode = FALSE
	EndGlobalSection
	GlobalSection(ExtensibilityGlobals) = postSolution
		SolutionGuid = {0E386518-22D4-4D4E-AFF1-5DABCD7C95E7}
	EndGlobalSection
EndGlobal
